
Microsoft Visual Studio Solution File, Format Version 12.00
# Visual Studio Version 16
VisualStudioVersion = 16.0.30413.136
MinimumVisualStudioVersion = 10.0.40219.1
Project("{FAE04EC0-301F-11D3-BF4B-00C04F79EFBC}") = "backupserver", "backupserver.csproj", "{BC1F3683-8441-44DA-B777-1869161D919F}"
EndProject
Global
	GlobalSection(SolutionConfigurationPlatforms) = preSolution
		Debug|Any CPU = Debug|Any CPU
		Release|Any CPU = Release|Any CPU
	EndGlobalSection
	GlobalSection(ProjectConfigurationPlatforms) = postSolution
		{BC1F3683-8441-44DA-B777-1869161D919F}.Debug|Any CPU.ActiveCfg = Debug|Any CPU
		{BC1F3683-8441-44DA-B777-1869161D919F}.Debug|Any CPU.Build.0 = Debug|Any CPU
		{BC1F3683-8441-44DA-B777-1869161D919F}.Release|Any CPU.ActiveCfg = Release|Any CPU
		{BC1F3683-8441-44DA-B777-1869161D919F}.Release|Any CPU.Build.0 = Release|Any CPU
	EndGlobalSection
	GlobalSection(SolutionProperties) = preSolution
		HideSolutionNode = FALSE
	EndGlobalSection
	GlobalSection(ExtensibilityGlobals) = postSolution
		SolutionGuid = {3575CD57-5131-4BC6-8649-7D36B78E9647}
	EndGlobalSection
EndGlobal
